
Microsoft Visual Studio Solution File, Format Version 12.00
# Visual Studio Version 17
VisualStudioVersion = 17.4.33110.190
MinimumVisualStudioVersion = 10.0.40219.1
Project("{9A19103F-16F7-4668-BE54-9A1E7A4F7556}") = "Billing", "Billing.csproj", "{037EE2BA-6163-42FA-8DB1-DD3A040C9057}"
EndProject
Global
	GlobalSection(SolutionConfigurationPlatforms) = preSolution
		Debug|Any CPU = Debug|Any CPU
		Release|Any CPU = Release|Any CPU
	EndGlobalSection
	GlobalSection(ProjectConfigurationPlatforms) = postSolution
		{037EE2BA-6163-42FA-8DB1-DD3A040C9057}.Debug|Any CPU.ActiveCfg = Debug|Any CPU
		{037EE2BA-6163-42FA-8DB1-DD3A040C9057}.Debug|Any CPU.Build.0 = Debug|Any CPU
		{037EE2BA-6163-42FA-8DB1-DD3A040C9057}.Release|Any CPU.ActiveCfg = Release|Any CPU
		{037EE2BA-6163-42FA-8DB1-DD3A040C9057}.Release|Any CPU.Build.0 = Release|Any CPU
	EndGlobalSection
	GlobalSection(SolutionProperties) = preSolution
		HideSolutionNode = FALSE
	EndGlobalSection
	GlobalSection(ExtensibilityGlobals) = postSolution
		SolutionGuid = {EB74778B-B50B-460E-9D7F-BAA1A0C06D77}
	EndGlobalSection
EndGlobal
